PODS:
  - agora_rtc_engine (6.5.3):
    - AgoraIrisRTC_iOS (= 4.5.2-build.1)
    - AgoraRtcEngine_iOS (= 4.5.2)
    - Flutter
  - AgoraInfra_iOS (1.2.13.1)
  - AgoraIrisRTC_iOS (4.5.2-build.1)
  - AgoraRtcEngine_iOS (4.5.2):
    - AgoraRtcEngine_iOS/AIAEC (= 4.5.2)
    - AgoraRtcEngine_iOS/AIAECLL (= 4.5.2)
    - AgoraRtcEngine_iOS/AINS (= 4.5.2)
    - AgoraRtcEngine_iOS/AINSLL (= 4.5.2)
    - AgoraRtcEngine_iOS/AudioBeauty (= 4.5.2)
    - AgoraRtcEngine_iOS/ClearVision (= 4.5.2)
    - AgoraRtcEngine_iOS/ContentInspect (= 4.5.2)
    - AgoraRtcEngine_iOS/FaceCapture (= 4.5.2)
    - AgoraRtcEngine_iOS/FaceDetection (= 4.5.2)
    - AgoraRtcEngine_iOS/LipSync (= 4.5.2)
    - AgoraRtcEngine_iOS/ReplayKit (= 4.5.2)
    - AgoraRtcEngine_iOS/RtcBasic (= 4.5.2)
    - AgoraRtcEngine_iOS/SpatialAudio (= 4.5.2)
    - AgoraRtcEngine_iOS/VideoAv1CodecDec (= 4.5.2)
    - AgoraRtcEngine_iOS/VideoAv1CodecEnc (= 4.5.2)
    - AgoraRtcEngine_iOS/VideoCodecDec (= 4.5.2)
    - AgoraRtcEngine_iOS/VideoCodecEnc (= 4.5.2)
    - AgoraRtcEngine_iOS/VirtualBackground (= 4.5.2)
    - AgoraRtcEngine_iOS/VQA (= 4.5.2)
  - AgoraRtcEngine_iOS/AIAEC (4.5.2)
  - AgoraRtcEngine_iOS/AIAECLL (4.5.2)
  - AgoraRtcEngine_iOS/AINS (4.5.2)
  - AgoraRtcEngine_iOS/AINSLL (4.5.2)
  - AgoraRtcEngine_iOS/AudioBeauty (4.5.2)
  - AgoraRtcEngine_iOS/ClearVision (4.5.2)
  - AgoraRtcEngine_iOS/ContentInspect (4.5.2)
  - AgoraRtcEngine_iOS/FaceCapture (4.5.2)
  - AgoraRtcEngine_iOS/FaceDetection (4.5.2)
  - AgoraRtcEngine_iOS/LipSync (4.5.2)
  - AgoraRtcEngine_iOS/ReplayKit (4.5.2)
  - AgoraRtcEngine_iOS/RtcBasic (4.5.2):
    - AgoraInfra_iOS (= 1.2.13.1)
  - AgoraRtcEngine_iOS/SpatialAudio (4.5.2)
  - AgoraRtcEngine_iOS/VideoAv1CodecDec (4.5.2)
  - AgoraRtcEngine_iOS/VideoAv1CodecEnc (4.5.2)
  - AgoraRtcEngine_iOS/VideoCodecDec (4.5.2)
  - AgoraRtcEngine_iOS/VideoCodecEnc (4.5.2)
  - AgoraRtcEngine_iOS/VirtualBackground (4.5.2)
  - AgoraRtcEngine_iOS/VQA (4.5.2)
  - audioplayers_darwin (0.0.1):
    - Flutter
    - FlutterMacOS
  - Flutter (1.0.0)
  - flutter_inappwebview_ios (0.0.1):
    - Flutter
    - flutter_inappwebview_ios/Core (= 0.0.1)
    - OrderedSet (~> 6.0.3)
  - flutter_inappwebview_ios/Core (0.0.1):
    - Flutter
    - OrderedSet (~> 6.0.3)
  - flutter_native_splash (2.4.3):
    - Flutter
  - image_picker_ios (0.0.1):
    - Flutter
  - iris_method_channel (0.0.1):
    - Flutter
  - onesignal_flutter (5.3.4):
    - Flutter
    - OneSignalXCFramework (= 5.2.14)
  - OneSignalXCFramework (5.2.14):
    - OneSignalXCFramework/OneSignalComplete (= 5.2.14)
  - OneSignalXCFramework/OneSignal (5.2.14):
    - OneSignalXCFramework/OneSignalCore
    - OneSignalXCFramework/OneSignalExtension
    - OneSignalXCFramework/OneSignalLiveActivities
    - OneSignalXCFramework/OneSignalNotifications
    - OneSignalXCFramework/OneSignalOSCore
    - OneSignalXCFramework/OneSignalOutcomes
    - OneSignalXCFramework/OneSignalUser
  - OneSignalXCFramework/OneSignalComplete (5.2.14):
    - OneSignalXCFramework/OneSignal
    - OneSignalXCFramework/OneSignalInAppMessages
    - OneSignalXCFramework/OneSignalLocation
  - OneSignalXCFramework/OneSignalCore (5.2.14)
  - OneSignalXCFramework/OneSignalExtension (5.2.14):
    - OneSignalXCFramework/OneSignalCore
    - OneSignalXCFramework/OneSignalOutcomes
  - OneSignalXCFramework/OneSignalInAppMessages (5.2.14):
    - OneSignalXCFramework/OneSignalCore
    - OneSignalXCFramework/OneSignalNotifications
    - OneSignalXCFramework/OneSignalOSCore
    - OneSignalXCFramework/OneSignalOutcomes
    - OneSignalXCFramework/OneSignalUser
  - OneSignalXCFramework/OneSignalLiveActivities (5.2.14):
    - OneSignalXCFramework/OneSignalCore
    - OneSignalXCFramework/OneSignalOSCore
    - OneSignalXCFramework/OneSignalUser
  - OneSignalXCFramework/OneSignalLocation (5.2.14):
    - OneSignalXCFramework/OneSignalCore
    - OneSignalXCFramework/OneSignalNotifications
    - OneSignalXCFramework/OneSignalOSCore
    - OneSignalXCFramework/OneSignalUser
  - OneSignalXCFramework/OneSignalNotifications (5.2.14):
    - OneSignalXCFramework/OneSignalCore
    - OneSignalXCFramework/OneSignalExtension
    - OneSignalXCFramework/OneSignalOutcomes
  - OneSignalXCFramework/OneSignalOSCore (5.2.14):
    - OneSignalXCFramework/OneSignalCore
  - OneSignalXCFramework/OneSignalOutcomes (5.2.14):
    - OneSignalXCFramework/OneSignalCore
  - OneSignalXCFramework/OneSignalUser (5.2.14):
    - OneSignalXCFramework/OneSignalCore
    - OneSignalXCFramework/OneSignalNotifications
    - OneSignalXCFramework/OneSignalOSCore
    - OneSignalXCFramework/OneSignalOutcomes
  - OrderedSet (6.0.3)
  - path_provider_foundation (0.0.1):
    - Flutter
    - FlutterMacOS
  - permission_handler_apple (9.3.0):
    - Flutter
  - record_ios (1.1.0):
    - Flutter
  - shared_preferences_foundation (0.0.1):
    - Flutter
    - FlutterMacOS
  - sqflite_darwin (0.0.4):
    - Flutter
    - FlutterMacOS
  - url_launcher_ios (0.0.1):
    - Flutter
  - video_player_avfoundation (0.0.1):
    - Flutter
    - FlutterMacOS

DEPENDENCIES:
  - agora_rtc_engine (from `.symlinks/plugins/agora_rtc_engine/ios`)
  - audioplayers_darwin (from `.symlinks/plugins/audioplayers_darwin/darwin`)
  - Flutter (from `Flutter`)
  - flutter_inappwebview_ios (from `.symlinks/plugins/flutter_inappwebview_ios/ios`)
  - flutter_native_splash (from `.symlinks/plugins/flutter_native_splash/ios`)
  - image_picker_ios (from `.symlinks/plugins/image_picker_ios/ios`)
  - iris_method_channel (from `.symlinks/plugins/iris_method_channel/ios`)
  - onesignal_flutter (from `.symlinks/plugins/onesignal_flutter/ios`)
  - path_provider_foundation (from `.symlinks/plugins/path_provider_foundation/darwin`)
  - permission_handler_apple (from `.symlinks/plugins/permission_handler_apple/ios`)
  - record_ios (from `.symlinks/plugins/record_ios/ios`)
  - shared_preferences_foundation (from `.symlinks/plugins/shared_preferences_foundation/darwin`)
  - sqflite_darwin (from `.symlinks/plugins/sqflite_darwin/darwin`)
  - url_launcher_ios (from `.symlinks/plugins/url_launcher_ios/ios`)
  - video_player_avfoundation (from `.symlinks/plugins/video_player_avfoundation/darwin`)

SPEC REPOS:
  trunk:
    - AgoraInfra_iOS
    - AgoraIrisRTC_iOS
    - AgoraRtcEngine_iOS
    - OneSignalXCFramework
    - OrderedSet

EXTERNAL SOURCES:
  agora_rtc_engine:
    :path: ".symlinks/plugins/agora_rtc_engine/ios"
  audioplayers_darwin:
    :path: ".symlinks/plugins/audioplayers_darwin/darwin"
  Flutter:
    :path: Flutter
  flutter_inappwebview_ios:
    :path: ".symlinks/plugins/flutter_inappwebview_ios/ios"
  flutter_native_splash:
    :path: ".symlinks/plugins/flutter_native_splash/ios"
  image_picker_ios:
    :path: ".symlinks/plugins/image_picker_ios/ios"
  iris_method_channel:
    :path: ".symlinks/plugins/iris_method_channel/ios"
  onesignal_flutter:
    :path: ".symlinks/plugins/onesignal_flutter/ios"
  path_provider_foundation:
    :path: ".symlinks/plugins/path_provider_foundation/darwin"
  permission_handler_apple:
    :path: ".symlinks/plugins/permission_handler_apple/ios"
  record_ios:
    :path: ".symlinks/plugins/record_ios/ios"
  shared_preferences_foundation:
    :path: ".symlinks/plugins/shared_preferences_foundation/darwin"
  sqflite_darwin:
    :path: ".symlinks/plugins/sqflite_darwin/darwin"
  url_launcher_ios:
    :path: ".symlinks/plugins/url_launcher_ios/ios"
  video_player_avfoundation:
    :path: ".symlinks/plugins/video_player_avfoundation/darwin"

SPEC CHECKSUMS:
  agora_rtc_engine: 0c7d50312967c4dc31c3c45e50589ce48f57e08a
  AgoraInfra_iOS: 3691b2b277a1712a35ae96de25af319de0d73d08
  AgoraIrisRTC_iOS: eab58c126439adf5ec99632828a558ea216860da
  AgoraRtcEngine_iOS: 97e2398a2addda9057815a2a583a658e36796ff6
  audioplayers_darwin: 4f9ca89d92d3d21cec7ec580e78ca888e5fb68bd
  Flutter: cabc95a1d2626b1b06e7179b784ebcf0c0cde467
  flutter_inappwebview_ios: b89ba3482b96fb25e00c967aae065701b66e9b99
  flutter_native_splash: c32d145d68aeda5502d5f543ee38c192065986cf
  image_picker_ios: e0ece4aa2a75771a7de3fa735d26d90817041326
  iris_method_channel: 7d661cf3259b3009ae423508470dbeb9374446ee
  onesignal_flutter: 3a2b51f9262c851166a882a553d71a8ccec4e29c
  OneSignalXCFramework: 7112f3e89563e41ebc23fe807788f11985ac541c
  OrderedSet: e539b66b644ff081c73a262d24ad552a69be3a94
  path_provider_foundation: bb55f6dbba17d0dccd6737fe6f7f34fbd0376880
  permission_handler_apple: 4ed2196e43d0651e8ff7ca3483a069d469701f2d
  record_ios: f75fa1d57f840012775c0e93a38a7f3ceea1a374
  shared_preferences_foundation: 7036424c3d8ec98dfe75ff1667cb0cd531ec82bb
  sqflite_darwin: 20b2a3a3b70e43edae938624ce550a3cbf66a3d0
  url_launcher_ios: 7a95fa5b60cc718a708b8f2966718e93db0cef1b
  video_player_avfoundation: dd410b52df6d2466a42d28550e33e4146928280a

PODFILE CHECKSUM: 3085bdbc1e61be4c78de6b2cd2827defd42f3d8b

COCOAPODS: 1.16.2
